
Microsoft Visual Studio Solution File, Format Version 12.00
# Visual Studio Version 16
VisualStudioVersion = 16.0.31729.503
MinimumVisualStudioVersion = 10.0.40219.1
Project("{FAE04EC0-301F-11D3-BF4B-00C04F79EFBC}") = "GrailsortTester", "GrailsortTester.csproj", "{D2C96067-5522-414C-A42D-451B7EE7AC4D}"
EndProject
Global
	GlobalSection(SolutionConfigurationPlatforms) = preSolution
		Debug|Any CPU = Debug|Any CPU
		Release|Any CPU = Release|Any CPU
	EndGlobalSection
	GlobalSection(ProjectConfigurationPlatforms) = postSolution
		{D2C96067-5522-414C-A42D-451B7EE7AC4D}.Debug|Any CPU.ActiveCfg = Debug|Any CPU
		{D2C96067-5522-414C-A42D-451B7EE7AC4D}.Debug|Any CPU.Build.0 = Debug|Any CPU
		{D2C96067-5522-414C-A42D-451B7EE7AC4D}.Release|Any CPU.ActiveCfg = Release|Any CPU
		{D2C96067-5522-414C-A42D-451B7EE7AC4D}.Release|Any CPU.Build.0 = Release|Any CPU
	EndGlobalSection
	GlobalSection(SolutionProperties) = preSolution
		HideSolutionNode = FALSE
	EndGlobalSection
	GlobalSection(ExtensibilityGlobals) = postSolution
		SolutionGuid = {CFB0726F-A237-4447-BA80-AAE2891FAD3B}
	EndGlobalSection
EndGlobal
